
Microsoft Visual Studio Solution File, Format Version 12.00
# Visual Studio Version 17
VisualStudioVersion = 17.0.31903.59
MinimumVisualStudioVersion = 10.0.40219.1
Project("{FAE04EC0-301F-11D3-BF4B-00C04F79EFBC}") = "MicaAgenda.App", "MicaAgenda.App\MicaAgenda.App.csproj", "{55ADED99-EAE5-4D9E-AC22-35541155D4A5}"
EndProject
Project("{FAE04EC0-301F-11D3-BF4B-00C04F79EFBC}") = "MicaAgenda.Core", "MicaAgenda.Core\MicaAgenda.Core.csproj", "{A8DFE544-E894-41D3-8A92-F62130972865}"
EndProject
Project("{FAE04EC0-301F-11D3-BF4B-00C04F79EFBC}") = "MicaAgenda.Tests", "MicaAgenda.Tests\MicaAgenda.Tests.csproj", "{01461545-79A8-4592-8B9E-0480AA294626}"
EndProject
Project("{FAE04EC0-301F-11D3-BF4B-00C04F79EFBC}") = "MicaAgenda.Tests.Windows", "MicaAgenda.Tests.Windows\MicaAgenda.Tests.Windows.csproj", "{E3372A0A-970D-40B1-825C-6FDF6161C4AE}"
EndProject
Project("{FAE04EC0-301F-11D3-BF4B-00C04F79EFBC}") = "MicaAgenda.Desktop", "MicaAgenda.Desktop\MicaAgenda.Desktop.csproj", "{0A069180-4963-4926-AF1C-C34ADFE3A2C4}"
EndProject
Global
	GlobalSection(SolutionConfigurationPlatforms) = preSolution
		Debug|Any CPU = Debug|Any CPU
		Debug|x64 = Debug|x64
		Debug|x86 = Debug|x86
		Release|Any CPU = Release|Any CPU
		Release|x64 = Release|x64
		Release|x86 = Release|x86
	EndGlobalSection
	GlobalSection(ProjectConfigurationPlatforms) = postSolution
		{55ADED99-EAE5-4D9E-AC22-35541155D4A5}.Debug|Any CPU.ActiveCfg = Debug|Any CPU
		{55ADED99-EAE5-4D9E-AC22-35541155D4A5}.Debug|Any CPU.Build.0 = Debug|Any CPU
		{55ADED99-EAE5-4D9E-AC22-35541155D4A5}.Debug|x64.ActiveCfg = Debug|Any CPU
		{55ADED99-EAE5-4D9E-AC22-35541155D4A5}.Debug|x64.Build.0 = Debug|Any CPU
		{55ADED99-EAE5-4D9E-AC22-35541155D4A5}.Debug|x86.ActiveCfg = Debug|Any CPU
		{55ADED99-EAE5-4D9E-AC22-35541155D4A5}.Debug|x86.Build.0 = Debug|Any CPU
		{55ADED99-EAE5-4D9E-AC22-35541155D4A5}.Release|Any CPU.ActiveCfg = Release|Any CPU
		{55ADED99-EAE5-4D9E-AC22-35541155D4A5}.Release|Any CPU.Build.0 = Release|Any CPU
		{55ADED99-EAE5-4D9E-AC22-35541155D4A5}.Release|x64.ActiveCfg = Release|Any CPU
		{55ADED99-EAE5-4D9E-AC22-35541155D4A5}.Release|x64.Build.0 = Release|Any CPU
		{55ADED99-EAE5-4D9E-AC22-35541155D4A5}.Release|x86.ActiveCfg = Release|Any CPU
		{55ADED99-EAE5-4D9E-AC22-35541155D4A5}.Release|x86.Build.0 = Release|Any CPU
		{A8DFE544-E894-41D3-8A92-F62130972865}.Debug|Any CPU.ActiveCfg = Debug|Any CPU
		{A8DFE544-E894-41D3-8A92-F62130972865}.Debug|Any CPU.Build.0 = Debug|Any CPU
		{A8DFE544-E894-41D3-8A92-F62130972865}.Debug|x64.ActiveCfg = Debug|Any CPU
		{A8DFE544-E894-41D3-8A92-F62130972865}.Debug|x64.Build.0 = Debug|Any CPU
		{A8DFE544-E894-41D3-8A92-F62130972865}.Debug|x86.ActiveCfg = Debug|Any CPU
		{A8DFE544-E894-41D3-8A92-F62130972865}.Debug|x86.Build.0 = Debug|Any CPU
		{A8DFE544-E894-41D3-8A92-F62130972865}.Release|Any CPU.ActiveCfg = Release|Any CPU
		{A8DFE544-E894-41D3-8A92-F62130972865}.Release|Any CPU.Build.0 = Release|Any CPU
		{A8DFE544-E894-41D3-8A92-F62130972865}.Release|x64.ActiveCfg = Release|Any CPU
		{A8DFE544-E894-41D3-8A92-F62130972865}.Release|x64.Build.0 = Release|Any CPU
		{A8DFE544-E894-41D3-8A92-F62130972865}.Release|x86.ActiveCfg = Release|Any CPU
		{A8DFE544-E894-41D3-8A92-F62130972865}.Release|x86.Build.0 = Release|Any CPU
		{01461545-79A8-4592-8B9E-0480AA294626}.Debug|Any CPU.ActiveCfg = Debug|Any CPU
		{01461545-79A8-4592-8B9E-0480AA294626}.Debug|Any CPU.Build.0 = Debug|Any CPU
		{01461545-79A8-4592-8B9E-0480AA294626}.Debug|x64.ActiveCfg = Debug|Any CPU
		{01461545-79A8-4592-8B9E-0480AA294626}.Debug|x64.Build.0 = Debug|Any CPU
		{01461545-79A8-4592-8B9E-0480AA294626}.Debug|x86.ActiveCfg = Debug|Any CPU
		{01461545-79A8-4592-8B9E-0480AA294626}.Debug|x86.Build.0 = Debug|Any CPU
		{01461545-79A8-4592-8B9E-0480AA294626}.Release|Any CPU.ActiveCfg = Release|Any CPU
		{01461545-79A8-4592-8B9E-0480AA294626}.Release|Any CPU.Build.0 = Release|Any CPU
		{01461545-79A8-4592-8B9E-0480AA294626}.Release|x64.ActiveCfg = Release|Any CPU
		{01461545-79A8-4592-8B9E-0480AA294626}.Release|x64.Build.0 = Release|Any CPU
		{01461545-79A8-4592-8B9E-0480AA294626}.Release|x86.ActiveCfg = Release|Any CPU
		{01461545-79A8-4592-8B9E-0480AA294626}.Release|x86.Build.0 = Release|Any CPU
		{E3372A0A-970D-40B1-825C-6FDF6161C4AE}.Debug|Any CPU.ActiveCfg = Debug|Any CPU
		{E3372A0A-970D-40B1-825C-6FDF6161C4AE}.Debug|Any CPU.Build.0 = Debug|Any CPU
		{E3372A0A-970D-40B1-825C-6FDF6161C4AE}.Debug|x64.ActiveCfg = Debug|Any CPU
		{E3372A0A-970D-40B1-825C-6FDF6161C4AE}.Debug|x64.Build.0 = Debug|Any CPU
		{E3372A0A-970D-40B1-825C-6FDF6161C4AE}.Debug|x86.ActiveCfg = Debug|Any CPU
		{E3372A0A-970D-40B1-825C-6FDF6161C4AE}.Debug|x86.Build.0 = Debug|Any CPU
		{E3372A0A-970D-40B1-825C-6FDF6161C4AE}.Release|Any CPU.ActiveCfg = Release|Any CPU
		{E3372A0A-970D-40B1-825C-6FDF6161C4AE}.Release|Any CPU.Build.0 = Release|Any CPU
		{E3372A0A-970D-40B1-825C-6FDF6161C4AE}.Release|x64.ActiveCfg = Release|Any CPU
		{E3372A0A-970D-40B1-825C-6FDF6161C4AE}.Release|x64.Build.0 = Release|Any CPU
		{E3372A0A-970D-40B1-825C-6FDF6161C4AE}.Release|x86.ActiveCfg = Release|Any CPU
		{E3372A0A-970D-40B1-825C-6FDF6161C4AE}.Release|x86.Build.0 = Release|Any CPU
		{0A069180-4963-4926-AF1C-C34ADFE3A2C4}.Debug|Any CPU.ActiveCfg = Debug|Any CPU
		{0A069180-4963-4926-AF1C-C34ADFE3A2C4}.Debug|Any CPU.Build.0 = Debug|Any CPU
		{0A069180-4963-4926-AF1C-C34ADFE3A2C4}.Debug|x64.ActiveCfg = Debug|Any CPU
		{0A069180-4963-4926-AF1C-C34ADFE3A2C4}.Debug|x64.Build.0 = Debug|Any CPU
		{0A069180-4963-4926-AF1C-C34ADFE3A2C4}.Debug|x86.ActiveCfg = Debug|Any CPU
		{0A069180-4963-4926-AF1C-C34ADFE3A2C4}.Debug|x86.Build.0 = Debug|Any CPU
		{0A069180-4963-4926-AF1C-C34ADFE3A2C4}.Release|Any CPU.ActiveCfg = Release|Any CPU
		{0A069180-4963-4926-AF1C-C34ADFE3A2C4}.Release|Any CPU.Build.0 = Release|Any CPU
		{0A069180-4963-4926-AF1C-C34ADFE3A2C4}.Release|x64.ActiveCfg = Release|Any CPU
		{0A069180-4963-4926-AF1C-C34ADFE3A2C4}.Release|x64.Build.0 = Release|Any CPU
		{0A069180-4963-4926-AF1C-C34ADFE3A2C4}.Release|x86.ActiveCfg = Release|Any CPU
		{0A069180-4963-4926-AF1C-C34ADFE3A2C4}.Release|x86.Build.0 = Release|Any CPU
	EndGlobalSection
	GlobalSection(SolutionProperties) = preSolution
		HideSolutionNode = FALSE
	EndGlobalSection
EndGlobal
